
Microsoft Visual Studio Solution File, Format Version 12.00
# Visual Studio Version 16
VisualStudioVersion = 16.0.28803.156
MinimumVisualStudioVersion = 10.0.40219.1
Project("{FAE04EC0-301F-11D3-BF4B-00C04F79EFBC}") = "API", "API\API.csproj", "{C3C96738-2629-4CB3-84F1-BF26274BA3A3}"
EndProject
Global
	GlobalSection(SolutionConfigurationPlatforms) = preSolution
		Debug|Any CPU = Debug|Any CPU
		Release|Any CPU = Release|Any CPU
	EndGlobalSection
	GlobalSection(ProjectConfigurationPlatforms) = postSolution
		{C3C96738-2629-4CB3-84F1-BF26274BA3A3}.Debug|Any CPU.ActiveCfg = Debug|Any CPU
		{C3C96738-2629-4CB3-84F1-BF26274BA3A3}.Debug|Any CPU.Build.0 = Debug|Any CPU
		{C3C96738-2629-4CB3-84F1-BF26274BA3A3}.Release|Any CPU.ActiveCfg = Release|Any CPU
		{C3C96738-2629-4CB3-84F1-BF26274BA3A3}.Release|Any CPU.Build.0 = Release|Any CPU
	EndGlobalSection
	GlobalSection(SolutionProperties) = preSolution
		HideSolutionNode = FALSE
	EndGlobalSection
	GlobalSection(ExtensibilityGlobals) = postSolution
		SolutionGuid = {11A23A0A-206A-4827-BBE8-CE44979FDDCE}
	EndGlobalSection
EndGlobal
